
Microsoft Visual Studio Solution File, Format Version 12.00
# Visual Studio Version 17
VisualStudioVersion = 17.9.34728.123
MinimumVisualStudioVersion = 10.0.40219.1
Project("{FAE04EC0-301F-11D3-BF4B-00C04F79EFBC}") = "Calculator", "Calculator\Calculator.csproj", "{71200B2C-995F-4E26-BEE8-4F9F4555AFB8}"
EndProject
Global
	GlobalSection(SolutionConfigurationPlatforms) = preSolution
		Debug|Any CPU = Debug|Any CPU
		Release|Any CPU = Release|Any CPU
	EndGlobalSection
	GlobalSection(ProjectConfigurationPlatforms) = postSolution
		{71200B2C-995F-4E26-BEE8-4F9F4555AFB8}.Debug|Any CPU.ActiveCfg = Debug|Any CPU
		{71200B2C-995F-4E26-BEE8-4F9F4555AFB8}.Debug|Any CPU.Build.0 = Debug|Any CPU
		{71200B2C-995F-4E26-BEE8-4F9F4555AFB8}.Release|Any CPU.ActiveCfg = Release|Any CPU
		{71200B2C-995F-4E26-BEE8-4F9F4555AFB8}.Release|Any CPU.Build.0 = Release|Any CPU
	EndGlobalSection
	GlobalSection(SolutionProperties) = preSolution
		HideSolutionNode = FALSE
	EndGlobalSection
	GlobalSection(ExtensibilityGlobals) = postSolution
		SolutionGuid = {CC807607-A45C-4A48-A87A-5DDDBD51B46F}
	EndGlobalSection
EndGlobal
